// !$*UTF8*$!
{
	archiveVersion = 1;
	classes = {
	};
	objectVersion = 56;
	objects = {

/* Begin PBXBuildFile section */
		288DF2152C770F4B000EC0E3 /* AppDelegate.swift in Sources */ = {isa = PBXBuildFile; fileRef = 288DF2142C770F4B000EC0E3 /* AppDelegate.swift */; };
		288DF2172C770F4B000EC0E3 /* SceneDelegate.swift in Sources */ = {isa = PBXBuildFile; fileRef = 288DF2162C770F4B000EC0E3 /* SceneDelegate.swift */; };
		288DF21F2C770F4B000EC0E3 /* News.xcdatamodeld in Sources */ = {isa = PBXBuildFile; fileRef = 288DF21D2C770F4B000EC0E3 /* News.xcdatamodeld */; };
		288DF2212C770F4C000EC0E3 /* Assets.xcassets in Resources */ = {isa = PBXBuildFile; fileRef = 288DF2202C770F4C000EC0E3 /* Assets.xcassets */; };
		288DF2242C770F4C000EC0E3 /* Base in Resources */ = {isa = PBXBuildFile; fileRef = 288DF2232C770F4C000EC0E3 /* Base */; };
		288DF23C2C7714CB000EC0E3 /* HomeViewController.swift in Sources */ = {isa = PBXBuildFile; fileRef = 288DF2392C7714CB000EC0E3 /* HomeViewController.swift */; };
		288DF23E2C771507000EC0E3 /* HomeProtocol.swift in Sources */ = {isa = PBXBuildFile; fileRef = 288DF23D2C771507000EC0E3 /* HomeProtocol.swift */; };
		288DF2402C7715B8000EC0E3 /* HomePresenter.swift in Sources */ = {isa = PBXBuildFile; fileRef = 288DF23F2C7715B8000EC0E3 /* HomePresenter.swift */; };
		288DF2422C771613000EC0E3 /* HomeInteractor.swift in Sources */ = {isa = PBXBuildFile; fileRef = 288DF2412C771613000EC0E3 /* HomeInteractor.swift */; };
		288DF2442C771670000EC0E3 /* HomeRouter.swift in Sources */ = {isa = PBXBuildFile; fileRef = 288DF2432C771670000EC0E3 /* HomeRouter.swift */; };
		288DF2462C771A01000EC0E3 /* HomeViewController.storyboard in Resources */ = {isa = PBXBuildFile; fileRef = 288DF2452C771A01000EC0E3 /* HomeViewController.storyboard */; };
		288DF2502C77254B000EC0E3 /* APIManager.swift in Sources */ = {isa = PBXBuildFile; fileRef = 288DF24F2C77254B000EC0E3 /* APIManager.swift */; };
		288DF2522C7726B6000EC0E3 /* HomeDataModel.swift in Sources */ = {isa = PBXBuildFile; fileRef = 288DF2512C7726B6000EC0E3 /* HomeDataModel.swift */; };
		288DF2572C772EB8000EC0E3 /* HomeTableViewCell.xib in Resources */ = {isa = PBXBuildFile; fileRef = 288DF2562C772EB8000EC0E3 /* HomeTableViewCell.xib */; };
		288DF2582C772EB8000EC0E3 /* HomeTableViewCell.swift in Sources */ = {isa = PBXBuildFile; fileRef = 288DF2552C772EB8000EC0E3 /* HomeTableViewCell.swift */; };
/* End PBXBuildFile section */

/* Begin PBXFileReference section */
		288DF2112C770F4B000EC0E3 /* News.app */ = {isa = PBXFileReference; explicitFileType = wrapper.application; includeInIndex = 0; path = News.app; sourceTree = BUILT_PRODUCTS_DIR; };
		288DF2142C770F4B000EC0E3 /* AppDelegate.swift */ = {isa = PBXFileReference; lastKnownFileType = sourcecode.swift; path = AppDelegate.swift; sourceTree = "<group>"; };
		288DF2162C770F4B000EC0E3 /* SceneDelegate.swift */ = {isa = PBXFileReference; lastKnownFileType = sourcecode.swift; path = SceneDelegate.swift; sourceTree = "<group>"; };
		288DF21E2C770F4B000EC0E3 /* News.xcdatamodel */ = {isa = PBXFileReference; lastKnownFileType = wrapper.xcdatamodel; path = News.xcdatamodel; sourceTree = "<group>"; };
		288DF2202C770F4C000EC0E3 /* Assets.xcassets */ = {isa = PBXFileReference; lastKnownFileType = folder.assetcatalog; path = Assets.xcassets; sourceTree = "<group>"; };
		288DF2232C770F4C000EC0E3 /* Base */ = {isa = PBXFileReference; lastKnownFileType = file.storyboard; name = Base; path = Base.lproj/LaunchScreen.storyboard; sourceTree = "<group>"; };
		288DF2252C770F4C000EC0E3 /* Info.plist */ = {isa = PBXFileReference; lastKnownFileType = text.plist.xml; path = Info.plist; sourceTree = "<group>"; };
		288DF2392C7714CB000EC0E3 /* HomeViewController.swift */ = {isa = PBXFileReference; lastKnownFileType = sourcecode.swift; path = HomeViewController.swift; sourceTree = "<group>"; };
		288DF23D2C771507000EC0E3 /* HomeProtocol.swift */ = {isa = PBXFileReference; lastKnownFileType = sourcecode.swift; path = HomeProtocol.swift; sourceTree = "<group>"; };
		288DF23F2C7715B8000EC0E3 /* HomePresenter.swift */ = {isa = PBXFileReference; lastKnownFileType = sourcecode.swift; path = HomePresenter.swift; sourceTree = "<group>"; };
		288DF2412C771613000EC0E3 /* HomeInteractor.swift */ = {isa = PBXFileReference; lastKnownFileType = sourcecode.swift; path = HomeInteractor.swift; sourceTree = "<group>"; };
		288DF2432C771670000EC0E3 /* HomeRouter.swift */ = {isa = PBXFileReference; lastKnownFileType = sourcecode.swift; path = HomeRouter.swift; sourceTree = "<group>"; };
		288DF2452C771A01000EC0E3 /* HomeViewController.storyboard */ = {isa = PBXFileReference; lastKnownFileType = file.storyboard; path = HomeViewController.storyboard; sourceTree = "<group>"; };
		288DF24F2C77254B000EC0E3 /* APIManager.swift */ = {isa = PBXFileReference; lastKnownFileType = sourcecode.swift; path = APIManager.swift; sourceTree = "<group>"; };
		288DF2512C7726B6000EC0E3 /* HomeDataModel.swift */ = {isa = PBXFileReference; lastKnownFileType = sourcecode.swift; path = HomeDataModel.swift; sourceTree = "<group>"; };
		288DF2552C772EB8000EC0E3 /* HomeTableViewCell.swift */ = {isa = PBXFileReference; lastKnownFileType = sourcecode.swift; path = HomeTableViewCell.swift; sourceTree = "<group>"; };
		288DF2562C772EB8000EC0E3 /* HomeTableViewCell.xib */ = {isa = PBXFileReference; lastKnownFileType = file.xib; path = HomeTableViewCell.xib; sourceTree = "<group>"; };
/* End PBXFileReference section */

/* Begin PBXFrameworksBuildPhase section */
		288DF20E2C770F4B000EC0E3 /* Frameworks */ = {
			isa = PBXFrameworksBuildPhase;
			buildActionMask = 2147483647;
			files = (
			);
			runOnlyForDeploymentPostprocessing = 0;
		};
/* End PBXFrameworksBuildPhase section */

/* Begin PBXGroup section */
		288DF2082C770F4B000EC0E3 = {
			isa = PBXGroup;
			children = (
				288DF2132C770F4B000EC0E3 /* News */,
				288DF2122C770F4B000EC0E3 /* Products */,
			);
			sourceTree = "<group>";
		};
		288DF2122C770F4B000EC0E3 /* Products */ = {
			isa = PBXGroup;
			children = (
				288DF2112C770F4B000EC0E3 /* News.app */,
			);
			name = Products;
			sourceTree = "<group>";
		};
		288DF2132C770F4B000EC0E3 /* News */ = {
			isa = PBXGroup;
			children = (
				288DF22C2C7710DC000EC0E3 /* application */,
				288DF22F2C77118C000EC0E3 /* app-modules */,
				288DF24E2C7724CD000EC0E3 /* managers */,
				288DF22D2C77114E000EC0E3 /* resources */,
				288DF2252C770F4C000EC0E3 /* Info.plist */,
			);
			path = News;
			sourceTree = "<group>";
		};
		288DF22C2C7710DC000EC0E3 /* application */ = {
			isa = PBXGroup;
			children = (
				288DF2142C770F4B000EC0E3 /* AppDelegate.swift */,
				288DF2162C770F4B000EC0E3 /* SceneDelegate.swift */,
			);
			path = application;
			sourceTree = "<group>";
		};
		288DF22D2C77114E000EC0E3 /* resources */ = {
			isa = PBXGroup;
			children = (
				288DF2222C770F4C000EC0E3 /* LaunchScreen.storyboard */,
				288DF2202C770F4C000EC0E3 /* Assets.xcassets */,
				288DF2382C7713E6000EC0E3 /* CoreDataModels */,
			);
			path = resources;
			sourceTree = "<group>";
		};
		288DF22F2C77118C000EC0E3 /* app-modules */ = {
			isa = PBXGroup;
			children = (
				288DF2302C771209000EC0E3 /* Home */,
			);
			path = "app-modules";
			sourceTree = "<group>";
		};
		288DF2302C771209000EC0E3 /* Home */ = {
			isa = PBXGroup;
			children = (
				288DF2312C771240000EC0E3 /* Protocols */,
				288DF2322C771257000EC0E3 /* Entity */,
				288DF2332C771262000EC0E3 /* Interactor */,
				288DF2342C77126C000EC0E3 /* Router */,
				288DF2352C771273000EC0E3 /* Presenter */,
				288DF2362C771279000EC0E3 /* View */,
			);
			path = Home;
			sourceTree = "<group>";
		};
		288DF2312C771240000EC0E3 /* Protocols */ = {
			isa = PBXGroup;
			children = (
				288DF23D2C771507000EC0E3 /* HomeProtocol.swift */,
			);
			path = Protocols;
			sourceTree = "<group>";
		};
		288DF2322C771257000EC0E3 /* Entity */ = {
			isa = PBXGroup;
			children = (
				288DF2512C7726B6000EC0E3 /* HomeDataModel.swift */,
			);
			path = Entity;
			sourceTree = "<group>";
		};
		288DF2332C771262000EC0E3 /* Interactor */ = {
			isa = PBXGroup;
			children = (
				288DF2412C771613000EC0E3 /* HomeInteractor.swift */,
			);
			path = Interactor;
			sourceTree = "<group>";
		};
		288DF2342C77126C000EC0E3 /* Router */ = {
			isa = PBXGroup;
			children = (
				288DF2432C771670000EC0E3 /* HomeRouter.swift */,
			);
			path = Router;
			sourceTree = "<group>";
		};
		288DF2352C771273000EC0E3 /* Presenter */ = {
			isa = PBXGroup;
			children = (
				288DF23F2C7715B8000EC0E3 /* HomePresenter.swift */,
			);
			path = Presenter;
			sourceTree = "<group>";
		};
		288DF2362C771279000EC0E3 /* View */ = {
			isa = PBXGroup;
			children = (
				288DF2542C772EA6000EC0E3 /* Cells */,
				288DF2392C7714CB000EC0E3 /* HomeViewController.swift */,
				288DF2452C771A01000EC0E3 /* HomeViewController.storyboard */,
			);
			path = View;
			sourceTree = "<group>";
		};
		288DF2382C7713E6000EC0E3 /* CoreDataModels */ = {
			isa = PBXGroup;
			children = (
				288DF21D2C770F4B000EC0E3 /* News.xcdatamodeld */,
			);
			path = CoreDataModels;
			sourceTree = "<group>";
		};
		288DF24E2C7724CD000EC0E3 /* managers */ = {
			isa = PBXGroup;
			children = (
				288DF24F2C77254B000EC0E3 /* APIManager.swift */,
			);
			path = managers;
			sourceTree = "<group>";
		};
		288DF2542C772EA6000EC0E3 /* Cells */ = {
			isa = PBXGroup;
			children = (
				288DF2552C772EB8000EC0E3 /* HomeTableViewCell.swift */,
				288DF2562C772EB8000EC0E3 /* HomeTableViewCell.xib */,
			);
			path = Cells;
			sourceTree = "<group>";
		};
/* End PBXGroup section */

/* Begin PBXNativeTarget section */
		288DF2102C770F4B000EC0E3 /* News */ = {
			isa = PBXNativeTarget;
			buildConfigurationList = 288DF2282C770F4C000EC0E3 /* Build configuration list for PBXNativeTarget "News" */;
			buildPhases = (
				288DF20D2C770F4B000EC0E3 /* Sources */,
				288DF20E2C770F4B000EC0E3 /* Frameworks */,
				288DF20F2C770F4B000EC0E3 /* Resources */,
			);
			buildRules = (
			);
			dependencies = (
			);
			name = News;
			productName = News;
			productReference = 288DF2112C770F4B000EC0E3 /* News.app */;
			productType = "com.apple.product-type.application";
		};
/* End PBXNativeTarget section */

/* Begin PBXProject section */
		288DF2092C770F4B000EC0E3 /* Project object */ = {
			isa = PBXProject;
			attributes = {
				BuildIndependentTargetsInParallel = 1;
				LastSwiftUpdateCheck = 1540;
				LastUpgradeCheck = 1540;
				TargetAttributes = {
					288DF2102C770F4B000EC0E3 = {
						CreatedOnToolsVersion = 15.4;
					};
				};
			};
			buildConfigurationList = 288DF20C2C770F4B000EC0E3 /* Build configuration list for PBXProject "News" */;
			compatibilityVersion = "Xcode 14.0";
			developmentRegion = en;
			hasScannedForEncodings = 0;
			knownRegions = (
				en,
				Base,
			);
			mainGroup = 288DF2082C770F4B000EC0E3;
			productRefGroup = 288DF2122C770F4B000EC0E3 /* Products */;
			projectDirPath = "";
			projectRoot = "";
			targets = (
				288DF2102C770F4B000EC0E3 /* News */,
			);
		};
/* End PBXProject section */

/* Begin PBXResourcesBuildPhase section */
		288DF20F2C770F4B000EC0E3 /* Resources */ = {
			isa = PBXResourcesBuildPhase;
			buildActionMask = 2147483647;
			files = (
				288DF2462C771A01000EC0E3 /* HomeViewController.storyboard in Resources */,
				288DF2212C770F4C000EC0E3 /* Assets.xcassets in Resources */,
				288DF2572C772EB8000EC0E3 /* HomeTableViewCell.xib in Resources */,
				288DF2242C770F4C000EC0E3 /* Base in Resources */,
			);
			runOnlyForDeploymentPostprocessing = 0;
		};
/* End PBXResourcesBuildPhase section */

/* Begin PBXSourcesBuildPhase section */
		288DF20D2C770F4B000EC0E3 /* Sources */ = {
			isa = PBXSourcesBuildPhase;
			buildActionMask = 2147483647;
			files = (
				288DF2152C770F4B000EC0E3 /* AppDelegate.swift in Sources */,
				288DF21F2C770F4B000EC0E3 /* News.xcdatamodeld in Sources */,
				288DF2172C770F4B000EC0E3 /* SceneDelegate.swift in Sources */,
				288DF2502C77254B000EC0E3 /* APIManager.swift in Sources */,
				288DF2402C7715B8000EC0E3 /* HomePresenter.swift in Sources */,
				288DF2582C772EB8000EC0E3 /* HomeTableViewCell.swift in Sources */,
				288DF23C2C7714CB000EC0E3 /* HomeViewController.swift in Sources */,
				288DF2522C7726B6000EC0E3 /* HomeDataModel.swift in Sources */,
				288DF2442C771670000EC0E3 /* HomeRouter.swift in Sources */,
				288DF23E2C771507000EC0E3 /* HomeProtocol.swift in Sources */,
				288DF2422C771613000EC0E3 /* HomeInteractor.swift in Sources */,
			);
			runOnlyForDeploymentPostprocessing = 0;
		};
/* End PBXSourcesBuildPhase section */

/* Begin PBXVariantGroup section */
		288DF2222C770F4C000EC0E3 /* LaunchScreen.storyboard */ = {
			isa = PBXVariantGroup;
			children = (
				288DF2232C770F4C000EC0E3 /* Base */,
			);
			name = LaunchScreen.storyboard;
			sourceTree = "<group>";
		};
/* End PBXVariantGroup section */

/* Begin XCBuildConfiguration section */
		288DF2262C770F4C000EC0E3 /* Debug */ = {
			isa = XCBuildConfiguration;
			buildSettings = {
				ALWAYS_SEARCH_USER_PATHS = NO;
				ASSETCATALOG_COMPILER_GENERATE_SWIFT_ASSET_SYMBOL_EXTENSIONS = YES;
				CLANG_ANALYZER_NONNULL = YES;
				CLANG_ANALYZER_NUMBER_OBJECT_CONVERSION = YES_AGGRESSIVE;
				CLANG_CXX_LANGUAGE_STANDARD = "gnu++20";
				CLANG_ENABLE_MODULES = YES;
				CLANG_ENABLE_OBJC_ARC = YES;
				CLANG_ENABLE_OBJC_WEAK = YES;
				CLANG_WARN_BLOCK_CAPTURE_AUTORELEASING = YES;
				CLANG_WARN_BOOL_CONVERSION = YES;
				CLANG_WARN_COMMA = YES;
				CLANG_WARN_CONSTANT_CONVERSION = YES;
				CLANG_WARN_DEPRECATED_OBJC_IMPLEMENTATIONS = YES;
				CLANG_WARN_DIRECT_OBJC_ISA_USAGE = YES_ERROR;
				CLANG_WARN_DOCUMENTATION_COMMENTS = YES;
				CLANG_WARN_EMPTY_BODY = YES;
				CLANG_WARN_ENUM_CONVERSION = YES;
				CLANG_WARN_INFINITE_RECURSION = YES;
				CLANG_WARN_INT_CONVERSION = YES;
				CLANG_WARN_NON_LITERAL_NULL_CONVERSION = YES;
				CLANG_WARN_OBJC_IMPLICIT_RETAIN_SELF = YES;
				CLANG_WARN_OBJC_LITERAL_CONVERSION = YES;
				CLANG_WARN_OBJC_ROOT_CLASS = YES_ERROR;
				CLANG_WARN_QUOTED_INCLUDE_IN_FRAMEWORK_HEADER = YES;
				CLANG_WARN_RANGE_LOOP_ANALYSIS = YES;
				CLANG_WARN_STRICT_PROTOTYPES = YES;
				CLANG_WARN_SUSPICIOUS_MOVE = YES;
				CLANG_WARN_UNGUARDED_AVAILABILITY = YES_AGGRESSIVE;
				CLANG_WARN_UNREACHABLE_CODE = YES;
				CLANG_WARN__DUPLICATE_METHOD_MATCH = YES;
				COPY_PHASE_STRIP = NO;
				DEBUG_INFORMATION_FORMAT = dwarf;
				ENABLE_STRICT_OBJC_MSGSEND = YES;
				ENABLE_TESTABILITY = YES;
				ENABLE_USER_SCRIPT_SANDBOXING = YES;
				GCC_C_LANGUAGE_STANDARD = gnu17;
				GCC_DYNAMIC_NO_PIC = NO;
				GCC_NO_COMMON_BLOCKS = YES;
				GCC_OPTIMIZATION_LEVEL = 0;
				GCC_PREPROCESSOR_DEFINITIONS = (
					"DEBUG=1",
					"$(inherited)",
				);
				GCC_WARN_64_TO_32_BIT_CONVERSION = YES;
				GCC_WARN_ABOUT_RETURN_TYPE = YES_ERROR;
				GCC_WARN_UNDECLARED_SELECTOR = YES;
				GCC_WARN_UNINITIALIZED_AUTOS = YES_AGGRESSIVE;
				GCC_WARN_UNUSED_FUNCTION = YES;
				GCC_WARN_UNUSED_VARIABLE = YES;
				IPHONEOS_DEPLOYMENT_TARGET = 15.0;
				LOCALIZATION_PREFERS_STRING_CATALOGS = YES;
				MTL_ENABLE_DEBUG_INFO = INCLUDE_SOURCE;
				MTL_FAST_MATH = YES;
				ONLY_ACTIVE_ARCH = YES;
				SDKROOT = iphoneos;
				SWIFT_ACTIVE_COMPILATION_CONDITIONS = "DEBUG $(inherited)";
				SWIFT_OPTIMIZATION_LEVEL = "-Onone";
			};
			name = Debug;
		};
		288DF2272C770F4C000EC0E3 /* Release */ = {
			isa = XCBuildConfiguration;
			buildSettings = {
				ALWAYS_SEARCH_USER_PATHS = NO;
				ASSETCATALOG_COMPILER_GENERATE_SWIFT_ASSET_SYMBOL_EXTENSIONS = YES;
				CLANG_ANALYZER_NONNULL = YES;
				CLANG_ANALYZER_NUMBER_OBJECT_CONVERSION = YES_AGGRESSIVE;
				CLANG_CXX_LANGUAGE_STANDARD = "gnu++20";
				CLANG_ENABLE_MODULES = YES;
				CLANG_ENABLE_OBJC_ARC = YES;
				CLANG_ENABLE_OBJC_WEAK = YES;
				CLANG_WARN_BLOCK_CAPTURE_AUTORELEASING = YES;
				CLANG_WARN_BOOL_CONVERSION = YES;
				CLANG_WARN_COMMA = YES;
				CLANG_WARN_CONSTANT_CONVERSION = YES;
				CLANG_WARN_DEPRECATED_OBJC_IMPLEMENTATIONS = YES;
				CLANG_WARN_DIRECT_OBJC_ISA_USAGE = YES_ERROR;
				CLANG_WARN_DOCUMENTATION_COMMENTS = YES;
				CLANG_WARN_EMPTY_BODY = YES;
				CLANG_WARN_ENUM_CONVERSION = YES;
				CLANG_WARN_INFINITE_RECURSION = YES;
				CLANG_WARN_INT_CONVERSION = YES;
				CLANG_WARN_NON_LITERAL_NULL_CONVERSION = YES;
				CLANG_WARN_OBJC_IMPLICIT_RETAIN_SELF = YES;
				CLANG_WARN_OBJC_LITERAL_CONVERSION = YES;
				CLANG_WARN_OBJC_ROOT_CLASS = YES_ERROR;
				CLANG_WARN_QUOTED_INCLUDE_IN_FRAMEWORK_HEADER = YES;
				CLANG_WARN_RANGE_LOOP_ANALYSIS = YES;
				CLANG_WARN_STRICT_PROTOTYPES = YES;
				CLANG_WARN_SUSPICIOUS_MOVE = YES;
				CLANG_WARN_UNGUARDED_AVAILABILITY = YES_AGGRESSIVE;
				CLANG_WARN_UNREACHABLE_CODE = YES;
				CLANG_WARN__DUPLICATE_METHOD_MATCH = YES;
				COPY_PHASE_STRIP = NO;
				DEBUG_INFORMATION_FORMAT = "dwarf-with-dsym";
				ENABLE_NS_ASSERTIONS = NO;
				ENABLE_STRICT_OBJC_MSGSEND = YES;
				ENABLE_USER_SCRIPT_SANDBOXING = YES;
				GCC_C_LANGUAGE_STANDARD = gnu17;
				GCC_NO_COMMON_BLOCKS = YES;
				GCC_WARN_64_TO_32_BIT_CONVERSION = YES;
				GCC_WARN_ABOUT_RETURN_TYPE = YES_ERROR;
				GCC_WARN_UNDECLARED_SELECTOR = YES;
				GCC_WARN_UNINITIALIZED_AUTOS = YES_AGGRESSIVE;
				GCC_WARN_UNUSED_FUNCTION = YES;
				GCC_WARN_UNUSED_VARIABLE = YES;
				IPHONEOS_DEPLOYMENT_TARGET = 15.0;
				LOCALIZATION_PREFERS_STRING_CATALOGS = YES;
				MTL_ENABLE_DEBUG_INFO = NO;
				MTL_FAST_MATH = YES;
				SDKROOT = iphoneos;
				SWIFT_COMPILATION_MODE = wholemodule;
				VALIDATE_PRODUCT = YES;
			};
			name = Release;
		};
		288DF2292C770F4C000EC0E3 /* Debug */ = {
			isa = XCBuildConfiguration;
			buildSettings = {
				ASSETCATALOG_COMPILER_APPICON_NAME = AppIcon;
				ASSETCATALOG_COMPILER_GLOBAL_ACCENT_COLOR_NAME = AccentColor;
				CODE_SIGN_STYLE = Automatic;
				CURRENT_PROJECT_VERSION = 1;
				DEVELOPMENT_TEAM = "";
				GENERATE_INFOPLIST_FILE = YES;
				INFOPLIST_FILE = News/Info.plist;
				INFOPLIST_KEY_UIApplicationSupportsIndirectInputEvents = YES;
				INFOPLIST_KEY_UILaunchStoryboardName = LaunchScreen;
				INFOPLIST_KEY_UIMainStoryboardFile = "";
				INFOPLIST_KEY_UISupportedInterfaceOrientations_iPad = "UIInterfaceOrientationPortrait UIInterfaceOrientationPortraitUpsideDown UIInterfaceOrientationLandscapeLeft UIInterfaceOrientationLandscapeRight";
				INFOPLIST_KEY_UISupportedInterfaceOrientations_iPhone = "UIInterfaceOrientationPortrait UIInterfaceOrientationLandscapeLeft UIInterfaceOrientationLandscapeRight";
				IPHONEOS_DEPLOYMENT_TARGET = 15.0;
				LD_RUNPATH_SEARCH_PATHS = (
					"$(inherited)",
					"@executable_path/Frameworks",
				);
				MARKETING_VERSION = 1.0;
				PRODUCT_BUNDLE_IDENTIFIER = personal.News;
				PRODUCT_NAME = "$(TARGET_NAME)";
				SWIFT_EMIT_LOC_STRINGS = YES;
				SWIFT_VERSION = 5.0;
				TARGETED_DEVICE_FAMILY = "1,2";
			};
			name = Debug;
		};
		288DF22A2C770F4C000EC0E3 /* Release */ = {
			isa = XCBuildConfiguration;
			buildSettings = {
				ASSETCATALOG_COMPILER_APPICON_NAME = AppIcon;
				ASSETCATALOG_COMPILER_GLOBAL_ACCENT_COLOR_NAME = AccentColor;
				CODE_SIGN_STYLE = Automatic;
				CURRENT_PROJECT_VERSION = 1;
				DEVELOPMENT_TEAM = 4RM245ZBG3;
				GENERATE_INFOPLIST_FILE = YES;
				INFOPLIST_FILE = News/Info.plist;
				INFOPLIST_KEY_UIApplicationSupportsIndirectInputEvents = YES;
				INFOPLIST_KEY_UILaunchStoryboardName = LaunchScreen;
				INFOPLIST_KEY_UIMainStoryboardFile = "";
				INFOPLIST_KEY_UISupportedInterfaceOrientations_iPad = "UIInterfaceOrientationPortrait UIInterfaceOrientationPortraitUpsideDown UIInterfaceOrientationLandscapeLeft UIInterfaceOrientationLandscapeRight";
				INFOPLIST_KEY_UISupportedInterfaceOrientations_iPhone = "UIInterfaceOrientationPortrait UIInterfaceOrientationLandscapeLeft UIInterfaceOrientationLandscapeRight";
				IPHONEOS_DEPLOYMENT_TARGET = 15.0;
				LD_RUNPATH_SEARCH_PATHS = (
					"$(inherited)",
					"@executable_path/Frameworks",
				);
				MARKETING_VERSION = 1.0;
				PRODUCT_BUNDLE_IDENTIFIER = personal.News;
				PRODUCT_NAME = "$(TARGET_NAME)";
				SWIFT_EMIT_LOC_STRINGS = YES;
				SWIFT_VERSION = 5.0;
				TARGETED_DEVICE_FAMILY = "1,2";
			};
			name = Release;
		};
/* End XCBuildConfiguration section */

/* Begin XCConfigurationList section */
		288DF20C2C770F4B000EC0E3 /* Build configuration list for PBXProject "News" */ = {
			isa = XCConfigurationList;
			buildConfigurations = (
				288DF2262C770F4C000EC0E3 /* Debug */,
				288DF2272C770F4C000EC0E3 /* Release */,
			);
			defaultConfigurationIsVisible = 0;
			defaultConfigurationName = Release;
		};
		288DF2282C770F4C000EC0E3 /* Build configuration list for PBXNativeTarget "News" */ = {
			isa = XCConfigurationList;
			buildConfigurations = (
				288DF2292C770F4C000EC0E3 /* Debug */,
				288DF22A2C770F4C000EC0E3 /* Release */,
			);
			defaultConfigurationIsVisible = 0;
			defaultConfigurationName = Release;
		};
/* End XCConfigurationList section */

/* Begin XCVersionGroup section */
		288DF21D2C770F4B000EC0E3 /* News.xcdatamodeld */ = {
			isa = XCVersionGroup;
			children = (
				288DF21E2C770F4B000EC0E3 /* News.xcdatamodel */,
			);
			currentVersion = 288DF21E2C770F4B000EC0E3 /* News.xcdatamodel */;
			path = News.xcdatamodeld;
			sourceTree = "<group>";
			versionGroupType = wrapper.xcdatamodel;
		};
/* End XCVersionGroup section */
	};
	rootObject = 288DF2092C770F4B000EC0E3 /* Project object */;
}
